lockfileVersion: '9.0'

settings:
  autoInstallPeers: true
  excludeLinksFromLockfile: false

importers:
  .:
    dependencies:
      '@babel/runtime':
        specifier: ^7.29.2
        version: 7.29.2
      '@expo/log-box':
        specifier: ^55.0.11
        version: 55.0.11(react-native@0.83.6)(react@19.2.0)
      '@expo/metro-runtime':
        specifier: ~55.0.10
        version: 55.0.10
      '@gorhom/bottom-sheet':
        specifier: ^4.6.4
        version: 4.6.4(react-native-reanimated@4.2.1)(react-native-safe-area-context@5.6.0)(react-native@0.83.6)(react@19.2.0)
      '@missingcore/audio-metadata':
        specifier: ^1.3.0
        version: 1.3.0
      '@radix-ui/react-slot':
        specifier: ^1.2.4
        version: 1.2.4(react@19.2.0)
      '@react-native-async-storage/async-storage':
        specifier: 2.2.0
        version: 2.2.0(react-native@0.83.6)
      '@react-native-community/slider':
        specifier: 5.1.2
        version: 5.1.2(react-native@0.83.6)(react@19.2.0)
      '@react-navigation/drawer':
        specifier: ^7.5.0
        version: 7.5.0(react-native-gesture-handler@2.30.0)(react-native-reanimated@4.2.1)(react-native-safe-area-context@5.6.0)(react-native-screens@4.23.0)(react-native@0.83.6)(react@19.2.0)
      '@react-navigation/native':
        specifier: ^7.1.33
        version: 7.1.33(react-native@0.83.6)(react@19.2.0)
      '@shopify/flash-list':
        specifier: 2.0.2
        version: 2.0.2(react-native@0.83.6)(react@19.2.0)
      '@shopify/react-native-skia':
        specifier: 2.4.18
        version: 2.4.18(react-native@0.83.6)
      color-convert:
        specifier: ^2.0.1
        version: 2.0.1
      color-name:
        specifier: ^1.1.4
        version: 1.1.4
      expo:
        specifier: ~55.0.18
        version: 55.0.18(@babel/core@7.20.0)
      expo-background-task:
        specifier: ~55.0.17
        version: 55.0.17(expo@55.0.18)
      expo-blur:
        specifier: ~55.0.14
        version: 55.0.14(expo@55.0.18)
      expo-build-properties:
        specifier: ~55.0.13
        version: 55.0.13(expo@55.0.18)
      expo-constants:
        specifier: ~55.0.15
        version: 55.0.15(expo@55.0.18)
      expo-dev-client:
        specifier: ~55.0.28
        version: 55.0.28(expo@55.0.18)
      expo-document-picker:
        specifier: ~55.0.13
        version: 55.0.13(expo@55.0.18)
      expo-file-system:
        specifier: ~55.0.17
        version: 55.0.17(expo@55.0.18)
      expo-font:
        specifier: ~55.0.6
        version: 55.0.6(expo@55.0.18)
      expo-haptics:
        specifier: ~55.0.14
        version: 55.0.14(expo@55.0.18)
      expo-image:
        specifier: ~55.0.9
        version: 55.0.9(expo@55.0.18)
      expo-linear-gradient:
        specifier: ~55.0.13
        version: 55.0.13(expo@55.0.18)
      expo-linking:
        specifier: ~55.0.14
        version: 55.0.14(expo@55.0.18)
      expo-media-library:
        specifier: ~55.0.15
        version: 55.0.15(expo@55.0.18)
      expo-notifications:
        specifier: ~55.0.21
        version: 55.0.21(expo@55.0.18)
      expo-router:
        specifier: ~55.0.13
        version: 55.0.13(expo@55.0.18)(react-native@0.83.6)(react@19.2.0)
      expo-sensors:
        specifier: ~55.0.13
        version: 55.0.13(expo@55.0.18)
      expo-sharing:
        specifier: ~55.0.18
        version: 55.0.18(expo@55.0.18)
      expo-splash-screen:
        specifier: ~55.0.19
        version: 55.0.19(expo@55.0.18)
      expo-status-bar:
        specifier: ~55.0.5
        version: 55.0.5
      expo-task-manager:
        specifier: ~55.0.15
        version: 55.0.15(expo@55.0.18)
      lucide-react-native:
        specifier: ^1.7.0
        version: 1.7.0(react-native@0.83.6)(react@19.2.0)
      moti:
        specifier: ^0.30.0
        version: 0.30.0(react-native-reanimated@4.2.1)(react-native@0.83.6)(react@19.2.0)
      react:
        specifier: 19.2.0
        version: 19.2.0
      react-dom:
        specifier: 19.2.0
        version: 19.2.0(react@19.2.0)
      react-native:
        specifier: 0.83.6
        version: 0.83.6(@babel/core@7.20.0)(@babel/preset-env@7.23.6)
      react-native-draggable-flatlist:
        specifier: ^4.0.3
        version: 4.0.3(react-native-reanimated@4.2.1)(react-native@0.83.6)(react@19.2.0)
      react-native-gesture-handler:
        specifier: ~2.30.0
        version: 2.30.0(react-native@0.83.6)(react@19.2.0)
      react-native-image-colors:
        specifier: ^2.6.0
        version: 2.6.0(react-native@0.83.6)
      react-native-pager-view:
        specifier: ^6.3.3
        version: 6.3.3(react-native@0.83.6)
      react-native-quick-sqlite:
        specifier: ^8.2.7
        version: 8.2.7(react-native@0.83.6)
      react-native-reanimated:
        specifier: 4.2.1
        version: 4.2.1(react-native@0.83.6)(react@19.2.0)
      react-native-safe-area-context:
        specifier: ~5.6.0
        version: 5.6.0(react-native@0.83.6)(react@19.2.0)
      react-native-screens:
        specifier: ~4.23.0
        version: 4.23.0(react-native@0.83.6)(react@19.2.0)
      react-native-svg:
        specifier: 15.15.3
        version: 15.15.3(react-native@0.83.6)(react@19.2.0)
      react-native-tab-view:
        specifier: ^3.5.2
        version: 3.5.2(react-native@0.83.6)(react@19.2.0)
      react-native-track-player:
        specifier: lovegaoshi/react-native-track-player#chore/rn0.83
        version: github.com/lovegaoshi/react-native-track-player/chore/rn0.83
      react-native-worklets:
        specifier: 0.7.4
        version: 0.7.4
      zustand:
        specifier: ^4.5.5
        version: 4.5.5

    devDependencies:
      '@babel/core':
        specifier: ^7.20.0
        version: 7.20.0
      '@eslint/js':
        specifier: ^10.0.1
        version: 10.0.1
      '@react-native-community/cli':
        specifier: ^20.1.3
        version: 20.1.3
      '@react-native/gradle-plugin':
        specifier: 0.83.6
        version: 0.83.6
      '@types/react':
        specifier: ~19.2.10
        version: 19.2.10
      '@types/react-dom':
        specifier: ^19
        version: 19.2.10
      '@typescript-eslint/eslint-plugin':
        specifier: ^8.57.1
        version: 8.57.1(@typescript-eslint/parser@8.57.1)(eslint@10.0.3)(typescript@5.9.3)
      '@typescript-eslint/parser':
        specifier: ^8.57.1
        version: 8.57.1(eslint@10.0.3)(typescript@5.9.3)
      babel-plugin-module-resolver:
        specifier: ^5.0.2
        version: 5.0.2
      eslint:
        specifier: ^10.0.3
        version: 10.0.3
      eslint-plugin-prettier:
        specifier: ^5.5.5
        version: 5.5.5(eslint@10.0.3)(prettier@3.8.1)
      eslint-plugin-react:
        specifier: ^7.37.5
        version: 7.37.5(eslint@10.0.3)
      eslint-plugin-react-hooks:
        specifier: ^7.0.1
        version: 7.0.1(eslint@10.0.3)
      husky:
        specifier: ^9.0.11
        version: 9.0.11
      lint-staged:
        specifier: ^15.2.2
        version: 15.2.2
      oxlint:
        specifier: ^1.56.0
        version: 1.56.0
      patch-package:
        specifier: ^8.0.1
        version: 8.0.1
      prettier:
        specifier: ^3.8.1
        version: 3.8.1
      typescript:
        specifier: ^5.9.3
        version: 5.9.3

packages: {}
